
Microsoft Visual Studio Solution File, Format Version 12.00
# Visual Studio Version 17
VisualStudioVersion = 17.10.34928.147
MinimumVisualStudioVersion = 10.0.40219.1
Project("{FAE04EC0-301F-11D3-BF4B-00C04F79EFBC}") = "Metod", "Metod\Metod.csproj", "{73C5D1CF-A4BD-4E83-B920-8A839B25208D}"
EndProject
Global
	GlobalSection(SolutionConfigurationPlatforms) = preSolution
		Debug|Any CPU = Debug|Any CPU
		Release|Any CPU = Release|Any CPU
	EndGlobalSection
	GlobalSection(ProjectConfigurationPlatforms) = postSolution
		{73C5D1CF-A4BD-4E83-B920-8A839B25208D}.Debug|Any CPU.ActiveCfg = Debug|Any CPU
		{73C5D1CF-A4BD-4E83-B920-8A839B25208D}.Debug|Any CPU.Build.0 = Debug|Any CPU
		{73C5D1CF-A4BD-4E83-B920-8A839B25208D}.Release|Any CPU.ActiveCfg = Release|Any CPU
		{73C5D1CF-A4BD-4E83-B920-8A839B25208D}.Release|Any CPU.Build.0 = Release|Any CPU
	EndGlobalSection
	GlobalSection(SolutionProperties) = preSolution
		HideSolutionNode = FALSE
	EndGlobalSection
	GlobalSection(ExtensibilityGlobals) = postSolution
		SolutionGuid = {457B6ED4-41A5-4E00-A317-0758207CA8ED}
	EndGlobalSection
EndGlobal
